
Microsoft Visual Studio Solution File, Format Version 12.00
# Visual Studio Version 17
VisualStudioVersion = 17.3.32825.248
MinimumVisualStudioVersion = 10.0.40219.1
Project("{FAE04EC0-301F-11D3-BF4B-00C04F79EFBC}") = "DownloadLibrary", "DownloadLibrary\DownloadLibrary.csproj", "{DBF1960F-D56F-452C-AB0E-DDC6C4C79914}"
EndProject
Global
	GlobalSection(SolutionConfigurationPlatforms) = preSolution
		Debug|Any CPU = Debug|Any CPU
		Release|Any CPU = Release|Any CPU
	EndGlobalSection
	GlobalSection(ProjectConfigurationPlatforms) = postSolution
		{DBF1960F-D56F-452C-AB0E-DDC6C4C79914}.Debug|Any CPU.ActiveCfg = Debug|Any CPU
		{DBF1960F-D56F-452C-AB0E-DDC6C4C79914}.Debug|Any CPU.Build.0 = Debug|Any CPU
		{DBF1960F-D56F-452C-AB0E-DDC6C4C79914}.Release|Any CPU.ActiveCfg = Release|Any CPU
		{DBF1960F-D56F-452C-AB0E-DDC6C4C79914}.Release|Any CPU.Build.0 = Release|Any CPU
	EndGlobalSection
	GlobalSection(SolutionProperties) = preSolution
		HideSolutionNode = FALSE
	EndGlobalSection
	GlobalSection(ExtensibilityGlobals) = postSolution
		SolutionGuid = {FC62A2D9-8DF9-4CE1-95A8-158017FA68F7}
	EndGlobalSection
EndGlobal
